
Microsoft Visual Studio Solution File, Format Version 12.00
# Visual Studio Version 16
VisualStudioVersion = 16.0.30503.244
MinimumVisualStudioVersion = 10.0.40219.1
Project("{FAE04EC0-301F-11D3-BF4B-00C04F79EFBC}") = "WebApplicationRUAP_2", "WebApplicationRUAP_2.csproj", "{B82E34CC-B7E1-4211-A11A-AE631AF04DE6}"
EndProject
Global
	GlobalSection(SolutionConfigurationPlatforms) = preSolution
		Debug|Any CPU = Debug|Any CPU
		Release|Any CPU = Release|Any CPU
	EndGlobalSection
	GlobalSection(ProjectConfigurationPlatforms) = postSolution
		{B82E34CC-B7E1-4211-A11A-AE631AF04DE6}.Debug|Any CPU.ActiveCfg = Debug|Any CPU
		{B82E34CC-B7E1-4211-A11A-AE631AF04DE6}.Debug|Any CPU.Build.0 = Debug|Any CPU
		{B82E34CC-B7E1-4211-A11A-AE631AF04DE6}.Release|Any CPU.ActiveCfg = Release|Any CPU
		{B82E34CC-B7E1-4211-A11A-AE631AF04DE6}.Release|Any CPU.Build.0 = Release|Any CPU
	EndGlobalSection
	GlobalSection(SolutionProperties) = preSolution
		HideSolutionNode = FALSE
	EndGlobalSection
	GlobalSection(ExtensibilityGlobals) = postSolution
		SolutionGuid = {90779588-5E2C-4393-82DB-3BBA00A17970}
	EndGlobalSection
EndGlobal
